SITE
  remote: http://community.opscode.com/api/v1
  specs:
    build-essential (1.3.4)
    chef_handler (1.1.4)
    dmg (1.1.0)
    runit (1.1.2)
      build-essential (>= 0.0.0)
      yum (>= 0.0.0)
    windows (1.8.6)
      chef_handler (>= 0.0.0)
    yum (2.2.0)

GIT
  remote: https://github.com/flaccid/cookbooks
  path: cookbooks/chef
  ref: master
  sha: 4a014cc023ccd32aa55e94b1406667474bbeba6d
  specs:
    chef (0.1.0)

GIT
  remote: https://github.com/flaccid/cookbooks
  path: cookbooks/librarian
  ref: master
  sha: 4a014cc023ccd32aa55e94b1406667474bbeba6d
  specs:
    librarian (0.1.0)

GIT
  remote: https://github.com/opscode-cookbooks/git
  ref: master
  sha: 638db7f1bf60d36b27dacbe136eadd99111157a5
  specs:
    git (2.3.0)
      build-essential (>= 0.0.0)
      dmg (>= 0.0.0)
      runit (~> 1.0)
      windows (>= 0.0.0)
      yum (>= 0.0.0)

DEPENDENCIES
  chef (>= 0)
  git (>= 0)
  librarian (>= 0)

